
Microsoft Visual Studio Solution File, Format Version 12.00
# Visual Studio Version 16
VisualStudioVersion = 16.0.30330.147
MinimumVisualStudioVersion = 10.0.40219.1
Project("{FAE04EC0-301F-11D3-BF4B-00C04F79EFBC}") = "Receitas.Android", "fontes\Receitas.Android\Receitas.Android.csproj", "{FAC7216D-0ABE-4DF1-B697-AAB46DD2E8A3}"
EndProject
Project("{FAE04EC0-301F-11D3-BF4B-00C04F79EFBC}") = "Receitas.iOS", "fontes\Receitas.iOS\Receitas.iOS.csproj", "{90A566F9-8415-4756-B2DD-906CBC2DE8D5}"
EndProject
Project("{9A19103F-16F7-4668-BE54-9A1E7A4F7556}") = "Receitas", "fontes\Receitas\Receitas.csproj", "{BD3278AF-4BB1-458F-B50C-FEBC461E7047}"
EndProject
Project("{2150E333-8FDC-42A3-9474-1A3956D46DE8}") = "fontes", "fontes", "{1785E5CC-B1C3-4EE4-9B50-A58C43B9BAB7}"
EndProject
Project("{2150E333-8FDC-42A3-9474-1A3956D46DE8}") = "testes", "testes", "{CE5A5641-9B4A-4F1D-BB8B-1CD4D6737928}"
EndProject
Project("{9A19103F-16F7-4668-BE54-9A1E7A4F7556}") = "Receitas.Testes.Integracao", "testes\Receitas.Testes.Integracao\Receitas.Testes.Integracao.csproj", "{25D77CC6-7198-43A2-87E8-5CD686366E25}"
EndProject
Project("{9A19103F-16F7-4668-BE54-9A1E7A4F7556}") = "Receitas.Testes.Unidade", "testes\Receitas.Testes.Unidade\Receitas.Testes.Unidade.csproj", "{E7F44503-5062-4806-8FBF-6B33ECA55F5C}"
EndProject
Project("{2150E333-8FDC-42A3-9474-1A3956D46DE8}") = "arquivos", "arquivos", "{86AEDA8A-9ABF-469A-B60D-97A9C5638BC5}"
	ProjectSection(SolutionItems) = preProject
		.gitignore = .gitignore
		README.md = README.md
	EndProjectSection
EndProject
Global
	GlobalSection(SolutionConfigurationPlatforms) = preSolution
		Debug|Any CPU = Debug|Any CPU
		Debug|iPhone = Debug|iPhone
		Debug|iPhoneSimulator = Debug|iPhoneSimulator
		Release|Any CPU = Release|Any CPU
		Release|iPhone = Release|iPhone
		Release|iPhoneSimulator = Release|iPhoneSimulator
	EndGlobalSection
	GlobalSection(ProjectConfigurationPlatforms) = postSolution
		{FAC7216D-0ABE-4DF1-B697-AAB46DD2E8A3}.Debug|Any CPU.ActiveCfg = Debug|Any CPU
		{FAC7216D-0ABE-4DF1-B697-AAB46DD2E8A3}.Debug|Any CPU.Build.0 = Debug|Any CPU
		{FAC7216D-0ABE-4DF1-B697-AAB46DD2E8A3}.Debug|Any CPU.Deploy.0 = Debug|Any CPU
		{FAC7216D-0ABE-4DF1-B697-AAB46DD2E8A3}.Debug|iPhone.ActiveCfg = Debug|Any CPU
		{FAC7216D-0ABE-4DF1-B697-AAB46DD2E8A3}.Debug|iPhone.Build.0 = Debug|Any CPU
		{FAC7216D-0ABE-4DF1-B697-AAB46DD2E8A3}.Debug|iPhoneSimulator.ActiveCfg = Debug|Any CPU
		{FAC7216D-0ABE-4DF1-B697-AAB46DD2E8A3}.Debug|iPhoneSimulator.Build.0 = Debug|Any CPU
		{FAC7216D-0ABE-4DF1-B697-AAB46DD2E8A3}.Debug|iPhoneSimulator.Deploy.0 = Debug|Any CPU
		{FAC7216D-0ABE-4DF1-B697-AAB46DD2E8A3}.Release|Any CPU.ActiveCfg = Release|Any CPU
		{FAC7216D-0ABE-4DF1-B697-AAB46DD2E8A3}.Release|Any CPU.Build.0 = Release|Any CPU
		{FAC7216D-0ABE-4DF1-B697-AAB46DD2E8A3}.Release|iPhone.ActiveCfg = Release|Any CPU
		{FAC7216D-0ABE-4DF1-B697-AAB46DD2E8A3}.Release|iPhone.Build.0 = Release|Any CPU
		{FAC7216D-0ABE-4DF1-B697-AAB46DD2E8A3}.Release|iPhoneSimulator.ActiveCfg = Release|Any CPU
		{FAC7216D-0ABE-4DF1-B697-AAB46DD2E8A3}.Release|iPhoneSimulator.Build.0 = Release|Any CPU
		{90A566F9-8415-4756-B2DD-906CBC2DE8D5}.Debug|Any CPU.ActiveCfg = Debug|iPhoneSimulator
		{90A566F9-8415-4756-B2DD-906CBC2DE8D5}.Debug|Any CPU.Build.0 = Debug|iPhoneSimulator
		{90A566F9-8415-4756-B2DD-906CBC2DE8D5}.Debug|iPhone.ActiveCfg = Debug|iPhone
		{90A566F9-8415-4756-B2DD-906CBC2DE8D5}.Debug|iPhone.Build.0 = Debug|iPhone
		{90A566F9-8415-4756-B2DD-906CBC2DE8D5}.Debug|iPhoneSimulator.ActiveCfg = Debug|iPhoneSimulator
		{90A566F9-8415-4756-B2DD-906CBC2DE8D5}.Debug|iPhoneSimulator.Build.0 = Debug|iPhoneSimulator
		{90A566F9-8415-4756-B2DD-906CBC2DE8D5}.Release|Any CPU.ActiveCfg = Release|iPhoneSimulator
		{90A566F9-8415-4756-B2DD-906CBC2DE8D5}.Release|Any CPU.Build.0 = Release|iPhoneSimulator
		{90A566F9-8415-4756-B2DD-906CBC2DE8D5}.Release|iPhone.ActiveCfg = Release|iPhone
		{90A566F9-8415-4756-B2DD-906CBC2DE8D5}.Release|iPhone.Build.0 = Release|iPhone
		{90A566F9-8415-4756-B2DD-906CBC2DE8D5}.Release|iPhoneSimulator.ActiveCfg = Release|iPhoneSimulator
		{90A566F9-8415-4756-B2DD-906CBC2DE8D5}.Release|iPhoneSimulator.Build.0 = Release|iPhoneSimulator
		{BD3278AF-4BB1-458F-B50C-FEBC461E7047}.Debug|Any CPU.ActiveCfg = Debug|Any CPU
		{BD3278AF-4BB1-458F-B50C-FEBC461E7047}.Debug|Any CPU.Build.0 = Debug|Any CPU
		{BD3278AF-4BB1-458F-B50C-FEBC461E7047}.Debug|iPhone.ActiveCfg = Debug|Any CPU
		{BD3278AF-4BB1-458F-B50C-FEBC461E7047}.Debug|iPhone.Build.0 = Debug|Any CPU
		{BD3278AF-4BB1-458F-B50C-FEBC461E7047}.Debug|iPhoneSimulator.ActiveCfg = Debug|Any CPU
		{BD3278AF-4BB1-458F-B50C-FEBC461E7047}.Debug|iPhoneSimulator.Build.0 = Debug|Any CPU
		{BD3278AF-4BB1-458F-B50C-FEBC461E7047}.Release|Any CPU.ActiveCfg = Release|Any CPU
		{BD3278AF-4BB1-458F-B50C-FEBC461E7047}.Release|Any CPU.Build.0 = Release|Any CPU
		{BD3278AF-4BB1-458F-B50C-FEBC461E7047}.Release|iPhone.ActiveCfg = Release|Any CPU
		{BD3278AF-4BB1-458F-B50C-FEBC461E7047}.Release|iPhone.Build.0 = Release|Any CPU
		{BD3278AF-4BB1-458F-B50C-FEBC461E7047}.Release|iPhoneSimulator.ActiveCfg = Release|Any CPU
		{BD3278AF-4BB1-458F-B50C-FEBC461E7047}.Release|iPhoneSimulator.Build.0 = Release|Any CPU
		{25D77CC6-7198-43A2-87E8-5CD686366E25}.Debug|Any CPU.ActiveCfg = Debug|Any CPU
		{25D77CC6-7198-43A2-87E8-5CD686366E25}.Debug|Any CPU.Build.0 = Debug|Any CPU
		{25D77CC6-7198-43A2-87E8-5CD686366E25}.Debug|iPhone.ActiveCfg = Debug|Any CPU
		{25D77CC6-7198-43A2-87E8-5CD686366E25}.Debug|iPhone.Build.0 = Debug|Any CPU
		{25D77CC6-7198-43A2-87E8-5CD686366E25}.Debug|iPhoneSimulator.ActiveCfg = Debug|Any CPU
		{25D77CC6-7198-43A2-87E8-5CD686366E25}.Debug|iPhoneSimulator.Build.0 = Debug|Any CPU
		{25D77CC6-7198-43A2-87E8-5CD686366E25}.Release|Any CPU.ActiveCfg = Release|Any CPU
		{25D77CC6-7198-43A2-87E8-5CD686366E25}.Release|Any CPU.Build.0 = Release|Any CPU
		{25D77CC6-7198-43A2-87E8-5CD686366E25}.Release|iPhone.ActiveCfg = Release|Any CPU
		{25D77CC6-7198-43A2-87E8-5CD686366E25}.Release|iPhone.Build.0 = Release|Any CPU
		{25D77CC6-7198-43A2-87E8-5CD686366E25}.Release|iPhoneSimulator.ActiveCfg = Release|Any CPU
		{25D77CC6-7198-43A2-87E8-5CD686366E25}.Release|iPhoneSimulator.Build.0 = Release|Any CPU
		{E7F44503-5062-4806-8FBF-6B33ECA55F5C}.Debug|Any CPU.ActiveCfg = Debug|Any CPU
		{E7F44503-5062-4806-8FBF-6B33ECA55F5C}.Debug|Any CPU.Build.0 = Debug|Any CPU
		{E7F44503-5062-4806-8FBF-6B33ECA55F5C}.Debug|iPhone.ActiveCfg = Debug|Any CPU
		{E7F44503-5062-4806-8FBF-6B33ECA55F5C}.Debug|iPhone.Build.0 = Debug|Any CPU
		{E7F44503-5062-4806-8FBF-6B33ECA55F5C}.Debug|iPhoneSimulator.ActiveCfg = Debug|Any CPU
		{E7F44503-5062-4806-8FBF-6B33ECA55F5C}.Debug|iPhoneSimulator.Build.0 = Debug|Any CPU
		{E7F44503-5062-4806-8FBF-6B33ECA55F5C}.Release|Any CPU.ActiveCfg = Release|Any CPU
		{E7F44503-5062-4806-8FBF-6B33ECA55F5C}.Release|Any CPU.Build.0 = Release|Any CPU
		{E7F44503-5062-4806-8FBF-6B33ECA55F5C}.Release|iPhone.ActiveCfg = Release|Any CPU
		{E7F44503-5062-4806-8FBF-6B33ECA55F5C}.Release|iPhone.Build.0 = Release|Any CPU
		{E7F44503-5062-4806-8FBF-6B33ECA55F5C}.Release|iPhoneSimulator.ActiveCfg = Release|Any CPU
		{E7F44503-5062-4806-8FBF-6B33ECA55F5C}.Release|iPhoneSimulator.Build.0 = Release|Any CPU
	EndGlobalSection
	GlobalSection(SolutionProperties) = preSolution
		HideSolutionNode = FALSE
	EndGlobalSection
	GlobalSection(NestedProjects) = preSolution
		{FAC7216D-0ABE-4DF1-B697-AAB46DD2E8A3} = {1785E5CC-B1C3-4EE4-9B50-A58C43B9BAB7}
		{90A566F9-8415-4756-B2DD-906CBC2DE8D5} = {1785E5CC-B1C3-4EE4-9B50-A58C43B9BAB7}
		{BD3278AF-4BB1-458F-B50C-FEBC461E7047} = {1785E5CC-B1C3-4EE4-9B50-A58C43B9BAB7}
		{25D77CC6-7198-43A2-87E8-5CD686366E25} = {CE5A5641-9B4A-4F1D-BB8B-1CD4D6737928}
		{E7F44503-5062-4806-8FBF-6B33ECA55F5C} = {CE5A5641-9B4A-4F1D-BB8B-1CD4D6737928}
	EndGlobalSection
	GlobalSection(ExtensibilityGlobals) = postSolution
		SolutionGuid = {5B236C45-AEE1-4A3B-8C8D-866A3D637259}
	EndGlobalSection
EndGlobal
